
Microsoft Visual Studio Solution File, Format Version 12.00
# Visual Studio 14
VisualStudioVersion = 14.0.23107.0
MinimumVisualStudioVersion = 10.0.40219.1
Project("{2150E333-8FDC-42A3-9474-1A3956D46DE8}") = "src", "src", "{696D8720-F357-4171-8D41-2BC51E873601}"
EndProject
Project("{2150E333-8FDC-42A3-9474-1A3956D46DE8}") = "Solution Items", "Solution Items", "{516016AF-1B35-4E32-AEA2-7A13ECCD5118}"
	ProjectSection(SolutionItems) = preProject
		global.json = global.json
		NuGet.Config = NuGet.Config
	EndProjectSection
EndProject
Project("{8BB2217D-0F2D-49D1-97BC-3654ED321F3B}") = "MyDnxWeb", "src\MyDnxWeb\MyDnxWeb.xproj", "{202C73C2-674C-4B53-A1D9-17894324EA88}"
EndProject
Global
	GlobalSection(SolutionConfigurationPlatforms) = preSolution
		Debug|Any CPU = Debug|Any CPU
		Release|Any CPU = Release|Any CPU
	EndGlobalSection
	GlobalSection(ProjectConfigurationPlatforms) = postSolution
		{202C73C2-674C-4B53-A1D9-17894324EA88}.Debug|Any CPU.ActiveCfg = Debug|Any CPU
		{202C73C2-674C-4B53-A1D9-17894324EA88}.Debug|Any CPU.Build.0 = Debug|Any CPU
		{202C73C2-674C-4B53-A1D9-17894324EA88}.Release|Any CPU.ActiveCfg = Release|Any CPU
		{202C73C2-674C-4B53-A1D9-17894324EA88}.Release|Any CPU.Build.0 = Release|Any CPU
	EndGlobalSection
	GlobalSection(SolutionProperties) = preSolution
		HideSolutionNode = FALSE
	EndGlobalSection
	GlobalSection(NestedProjects) = preSolution
		{202C73C2-674C-4B53-A1D9-17894324EA88} = {696D8720-F357-4171-8D41-2BC51E873601}
	EndGlobalSection
EndGlobal
